// !$*UTF8*$!
{
	archiveVersion = 1;
	classes = {
	};
	objectVersion = 46;
	objects = {

/* Begin PBXBuildFile section */
		945D881C19B328A9003C11AD /* Foundation.framework in Frameworks */ = {isa = PBXBuildFile; fileRef = 945D881B19B328A9003C11AD /* Foundation.framework */; };
		945D881E19B328A9003C11AD /* CoreGraphics.framework in Frameworks */ = {isa = PBXBuildFile; fileRef = 945D881D19B328A9003C11AD /* CoreGraphics.framework */; };
		945D882019B328A9003C11AD /* UIKit.framework in Frameworks */ = {isa = PBXBuildFile; fileRef = 945D881F19B328A9003C11AD /* UIKit.framework */; };
		945D882619B328A9003C11AD /* InfoPlist.strings in Resources */ = {isa = PBXBuildFile; fileRef = 945D882419B328A9003C11AD /* InfoPlist.strings */; };
		945D882819B328A9003C11AD /* main.m in Sources */ = {isa = PBXBuildFile; fileRef = 945D882719B328A9003C11AD /* main.m */; };
		945D882C19B328A9003C11AD /* USAppDelegate.m in Sources */ = {isa = PBXBuildFile; fileRef = 945D882B19B328A9003C11AD /* USAppDelegate.m */; };
		945D882E19B328A9003C11AD /* Images.xcassets in Resources */ = {isa = PBXBuildFile; fileRef = 945D882D19B328A9003C11AD /* Images.xcassets */; };
		945D883519B328AA003C11AD /* XCTest.framework in Frameworks */ = {isa = PBXBuildFile; fileRef = 945D883419B328AA003C11AD /* XCTest.framework */; };
		945D883619B328AA003C11AD /* Foundation.framework in Frameworks */ = {isa = PBXBuildFile; fileRef = 945D881B19B328A9003C11AD /* Foundation.framework */; };
		945D883719B328AA003C11AD /* UIKit.framework in Frameworks */ = {isa = PBXBuildFile; fileRef = 945D881F19B328A9003C11AD /* UIKit.framework */; };
		945D883F19B328AA003C11AD /* InfoPlist.strings in Resources */ = {isa = PBXBuildFile; fileRef = 945D883D19B328AA003C11AD /* InfoPlist.strings */; };
		945D884119B328AA003C11AD /* DupTests.m in Sources */ = {isa = PBXBuildFile; fileRef = 945D884019B328AA003C11AD /* DupTests.m */; };
/* End PBXBuildFile section */

/* Begin PBXContainerItemProxy section */
		945D883819B328AA003C11AD /* PBXContainerItemProxy */ = {
			isa = PBXContainerItemProxy;
			containerPortal = 945D881019B328A9003C11AD /* Project object */;
			proxyType = 1;
			remoteGlobalIDString = 945D881719B328A9003C11AD;
			remoteInfo = Dup;
		};
/* End PBXContainerItemProxy section */

/* Begin PBXFileReference section */
		945D881819B328A9003C11AD /* Dup.app */ = {isa = PBXFileReference; explicitFileType = wrapper.application; includeInIndex = 0; path = Dup.app; sourceTree = BUILT_PRODUCTS_DIR; };
		945D881B19B328A9003C11AD /* Foundation.framework */ = {isa = PBXFileReference; lastKnownFileType = wrapper.framework; name = Foundation.framework; path = System/Library/Frameworks/Foundation.framework; sourceTree = SDKROOT; };
		945D881D19B328A9003C11AD /* CoreGraphics.framework */ = {isa = PBXFileReference; lastKnownFileType = wrapper.framework; name = CoreGraphics.framework; path = System/Library/Frameworks/CoreGraphics.framework; sourceTree = SDKROOT; };
		945D881F19B328A9003C11AD /* UIKit.framework */ = {isa = PBXFileReference; lastKnownFileType = wrapper.framework; name = UIKit.framework; path = System/Library/Frameworks/UIKit.framework; sourceTree = SDKROOT; };
		945D882319B328A9003C11AD /* Dup-Info.plist */ = {isa = PBXFileReference; lastKnownFileType = text.plist.xml; path = "Dup-Info.plist"; sourceTree = "<group>"; };
		945D882519B328A9003C11AD /* en */ = {isa = PBXFileReference; lastKnownFileType = text.plist.strings; name = en; path = en.lproj/InfoPlist.strings; sourceTree = "<group>"; };
		945D882719B328A9003C11AD /* main.m */ = {isa = PBXFileReference; lastKnownFileType = sourcecode.c.objc; path = main.m; sourceTree = "<group>"; };
		945D882919B328A9003C11AD /* Dup-Prefix.pch */ = {isa = PBXFileReference; lastKnownFileType = sourcecode.c.h; path = "Dup-Prefix.pch"; sourceTree = "<group>"; };
		945D882A19B328A9003C11AD /* USAppDelegate.h */ = {isa = PBXFileReference; lastKnownFileType = sourcecode.c.h; path = USAppDelegate.h; sourceTree = "<group>"; };
		945D882B19B328A9003C11AD /* USAppDelegate.m */ = {isa = PBXFileReference; lastKnownFileType = sourcecode.c.objc; path = USAppDelegate.m; sourceTree = "<group>"; };
		945D882D19B328A9003C11AD /* Images.xcassets */ = {isa = PBXFileReference; lastKnownFileType = folder.assetcatalog; path = Images.xcassets; sourceTree = "<group>"; };
		945D883319B328AA003C11AD /* DupTests.xctest */ = {isa = PBXFileReference; explicitFileType = wrapper.cfbundle; includeInIndex = 0; path = DupTests.xctest; sourceTree = BUILT_PRODUCTS_DIR; };
		945D883419B328AA003C11AD /* XCTest.framework */ = {isa = PBXFileReference; lastKnownFileType = wrapper.framework; name = XCTest.framework; path = Library/Frameworks/XCTest.framework; sourceTree = DEVELOPER_DIR; };
		945D883C19B328AA003C11AD /* DupTests-Info.plist */ = {isa = PBXFileReference; lastKnownFileType = text.plist.xml; path = "DupTests-Info.plist"; sourceTree = "<group>"; };
		945D883E19B328AA003C11AD /* en */ = {isa = PBXFileReference; lastKnownFileType = text.plist.strings; name = en; path = en.lproj/InfoPlist.strings; sourceTree = "<group>"; };
		945D884019B328AA003C11AD /* DupTests.m */ = {isa = PBXFileReference; lastKnownFileType = sourcecode.c.objc; path = DupTests.m; sourceTree = "<group>"; };
/* End PBXFileReference section */

/* Begin PBXFrameworksBuildPhase section */
		945D881519B328A9003C11AD /* Frameworks */ = {
			isa = PBXFrameworksBuildPhase;
			buildActionMask = 2147483647;
			files = (
				945D881E19B328A9003C11AD /* CoreGraphics.framework in Frameworks */,
				945D882019B328A9003C11AD /* UIKit.framework in Frameworks */,
				945D881C19B328A9003C11AD /* Foundation.framework in Frameworks */,
			);
			runOnlyForDeploymentPostprocessing = 0;
		};
		945D883019B328A9003C11AD /* Frameworks */ = {
			isa = PBXFrameworksBuildPhase;
			buildActionMask = 2147483647;
			files = (
				945D883519B328AA003C11AD /* XCTest.framework in Frameworks */,
				945D883719B328AA003C11AD /* UIKit.framework in Frameworks */,
				945D883619B328AA003C11AD /* Foundation.framework in Frameworks */,
			);
			runOnlyForDeploymentPostprocessing = 0;
		};
/* End PBXFrameworksBuildPhase section */

/* Begin PBXGroup section */
		945D880F19B328A9003C11AD = {
			isa = PBXGroup;
			children = (
				945D882119B328A9003C11AD /* Dup */,
				945D883A19B328AA003C11AD /* DupTests */,
				945D881A19B328A9003C11AD /* Frameworks */,
				945D881919B328A9003C11AD /* Products */,
			);
			sourceTree = "<group>";
		};
		945D881919B328A9003C11AD /* Products */ = {
			isa = PBXGroup;
			children = (
				945D881819B328A9003C11AD /* Dup.app */,
				945D883319B328AA003C11AD /* DupTests.xctest */,
			);
			name = Products;
			sourceTree = "<group>";
		};
		945D881A19B328A9003C11AD /* Frameworks */ = {
			isa = PBXGroup;
			children = (
				945D881B19B328A9003C11AD /* Foundation.framework */,
				945D881D19B328A9003C11AD /* CoreGraphics.framework */,
				945D881F19B328A9003C11AD /* UIKit.framework */,
				945D883419B328AA003C11AD /* XCTest.framework */,
			);
			name = Frameworks;
			sourceTree = "<group>";
		};
		945D882119B328A9003C11AD /* Dup */ = {
			isa = PBXGroup;
			children = (
				945D882A19B328A9003C11AD /* USAppDelegate.h */,
				945D882B19B328A9003C11AD /* USAppDelegate.m */,
				945D882D19B328A9003C11AD /* Images.xcassets */,
				945D882219B328A9003C11AD /* Supporting Files */,
			);
			path = Dup;
			sourceTree = "<group>";
		};
		945D882219B328A9003C11AD /* Supporting Files */ = {
			isa = PBXGroup;
			children = (
				945D882319B328A9003C11AD /* Dup-Info.plist */,
				945D882419B328A9003C11AD /* InfoPlist.strings */,
				945D882719B328A9003C11AD /* main.m */,
				945D882919B328A9003C11AD /* Dup-Prefix.pch */,
			);
			name = "Supporting Files";
			sourceTree = "<group>";
		};
		945D883A19B328AA003C11AD /* DupTests */ = {
			isa = PBXGroup;
			children = (
				945D884019B328AA003C11AD /* DupTests.m */,
				945D883B19B328AA003C11AD /* Supporting Files */,
			);
			path = DupTests;
			sourceTree = "<group>";
		};
		945D883B19B328AA003C11AD /* Supporting Files */ = {
			isa = PBXGroup;
			children = (
				945D883C19B328AA003C11AD /* DupTests-Info.plist */,
				945D883D19B328AA003C11AD /* InfoPlist.strings */,
			);
			name = "Supporting Files";
			sourceTree = "<group>";
		};
/* End PBXGroup section */

/* Begin PBXNativeTarget section */
		945D881719B328A9003C11AD /* Dup */ = {
			isa = PBXNativeTarget;
			buildConfigurationList = 945D884419B328AA003C11AD /* Build configuration list for PBXNativeTarget "Dup" */;
			buildPhases = (
				945D881419B328A9003C11AD /* Sources */,
				945D881519B328A9003C11AD /* Frameworks */,
				945D881619B328A9003C11AD /* Resources */,
			);
			buildRules = (
			);
			dependencies = (
			);
			name = Dup;
			productName = Dup;
			productReference = 945D881819B328A9003C11AD /* Dup.app */;
			productType = "com.apple.product-type.application";
		};
		945D883219B328A9003C11AD /* DupTests */ = {
			isa = PBXNativeTarget;
			buildConfigurationList = 945D884719B328AA003C11AD /* Build configuration list for PBXNativeTarget "DupTests" */;
			buildPhases = (
				945D882F19B328A9003C11AD /* Sources */,
				945D883019B328A9003C11AD /* Frameworks */,
				945D883119B328A9003C11AD /* Resources */,
			);
			buildRules = (
			);
			dependencies = (
				945D883919B328AA003C11AD /* PBXTargetDependency */,
			);
			name = DupTests;
			productName = DupTests;
			productReference = 945D883319B328AA003C11AD /* DupTests.xctest */;
			productType = "com.apple.product-type.bundle.unit-test";
		};
/* End PBXNativeTarget section */

/* Begin PBXProject section */
		945D881019B328A9003C11AD /* Project object */ = {
			isa = PBXProject;
			attributes = {
				CLASSPREFIX = US;
				LastUpgradeCheck = 0510;
				ORGANIZATIONNAME = ullrich;
				TargetAttributes = {
					945D883219B328A9003C11AD = {
						TestTargetID = 945D881719B328A9003C11AD;
					};
				};
			};
			buildConfigurationList = 945D881319B328A9003C11AD /* Build configuration list for PBXProject "Dup" */;
			compatibilityVersion = "Xcode 3.2";
			developmentRegion = English;
			hasScannedForEncodings = 0;
			knownRegions = (
				en,
			);
			mainGroup = 945D880F19B328A9003C11AD;
			productRefGroup = 945D881919B328A9003C11AD /* Products */;
			projectDirPath = "";
			projectRoot = "";
			targets = (
				945D881719B328A9003C11AD /* Dup */,
				945D883219B328A9003C11AD /* DupTests */,
			);
		};
/* End PBXProject section */

/* Begin PBXResourcesBuildPhase section */
		945D881619B328A9003C11AD /* Resources */ = {
			isa = PBXResourcesBuildPhase;
			buildActionMask = 2147483647;
			files = (
				945D882619B328A9003C11AD /* InfoPlist.strings in Resources */,
				945D882E19B328A9003C11AD /* Images.xcassets in Resources */,
			);
			runOnlyForDeploymentPostprocessing = 0;
		};
		945D883119B328A9003C11AD /* Resources */ = {
			isa = PBXResourcesBuildPhase;
			buildActionMask = 2147483647;
			files = (
				945D883F19B328AA003C11AD /* InfoPlist.strings in Resources */,
			);
			runOnlyForDeploymentPostprocessing = 0;
		};
/* End PBXResourcesBuildPhase section */

/* Begin PBXSourcesBuildPhase section */
		945D881419B328A9003C11AD /* Sources */ = {
			isa = PBXSourcesBuildPhase;
			buildActionMask = 2147483647;
			files = (
				945D882C19B328A9003C11AD /* USAppDelegate.m in Sources */,
				945D882819B328A9003C11AD /* main.m in Sources */,
			);
			runOnlyForDeploymentPostprocessing = 0;
		};
		945D882F19B328A9003C11AD /* Sources */ = {
			isa = PBXSourcesBuildPhase;
			buildActionMask = 2147483647;
			files = (
				945D884119B328AA003C11AD /* DupTests.m in Sources */,
			);
			runOnlyForDeploymentPostprocessing = 0;
		};
/* End PBXSourcesBuildPhase section */

/* Begin PBXTargetDependency section */
		945D883919B328AA003C11AD /* PBXTargetDependency */ = {
			isa = PBXTargetDependency;
			target = 945D881719B328A9003C11AD /* Dup */;
			targetProxy = 945D883819B328AA003C11AD /* PBXContainerItemProxy */;
		};
/* End PBXTargetDependency section */

/* Begin PBXVariantGroup section */
		945D882419B328A9003C11AD /* InfoPlist.strings */ = {
			isa = PBXVariantGroup;
			children = (
				945D882519B328A9003C11AD /* en */,
			);
			name = InfoPlist.strings;
			sourceTree = "<group>";
		};
		945D883D19B328AA003C11AD /* InfoPlist.strings */ = {
			isa = PBXVariantGroup;
			children = (
				945D883E19B328AA003C11AD /* en */,
			);
			name = InfoPlist.strings;
			sourceTree = "<group>";
		};
/* End PBXVariantGroup section */

/* Begin XCBuildConfiguration section */
		945D884219B328AA003C11AD /* Debug */ = {
			isa = XCBuildConfiguration;
			buildSettings = {
				ALWAYS_SEARCH_USER_PATHS = NO;
				CLANG_CXX_LANGUAGE_STANDARD = "gnu++0x";
				CLANG_CXX_LIBRARY = "libc++";
				CLANG_ENABLE_MODULES = YES;
				CLANG_ENABLE_OBJC_ARC = YES;
				CLANG_WARN_BOOL_CONVERSION = YES;
				CLANG_WARN_CONSTANT_CONVERSION = YES;
				CLANG_WARN_DIRECT_OBJC_ISA_USAGE = YES_ERROR;
				CLANG_WARN_EMPTY_BODY = YES;
				CLANG_WARN_ENUM_CONVERSION = YES;
				CLANG_WARN_INT_CONVERSION = YES;
				CLANG_WARN_OBJC_ROOT_CLASS = YES_ERROR;
				CLANG_WARN__DUPLICATE_METHOD_MATCH = YES;
				"CODE_SIGN_IDENTITY[sdk=iphoneos*]" = "iPhone Developer";
				COPY_PHASE_STRIP = NO;
				GCC_C_LANGUAGE_STANDARD = gnu99;
				GCC_DYNAMIC_NO_PIC = NO;
				GCC_OPTIMIZATION_LEVEL = 0;
				GCC_PREPROCESSOR_DEFINITIONS = (
					"DEBUG=1",
					"$(inherited)",
				);
				GCC_SYMBOLS_PRIVATE_EXTERN = NO;
				GCC_WARN_64_TO_32_BIT_CONVERSION = YES;
				GCC_WARN_ABOUT_RETURN_TYPE = YES_ERROR;
				GCC_WARN_UNDECLARED_SELECTOR = YES;
				GCC_WARN_UNINITIALIZED_AUTOS = YES_AGGRESSIVE;
				GCC_WARN_UNUSED_FUNCTION = YES;
				GCC_WARN_UNUSED_VARIABLE = YES;
				IPHONEOS_DEPLOYMENT_TARGET = 7.1;
				ONLY_ACTIVE_ARCH = YES;
				SDKROOT = iphoneos;
			};
			name = Debug;
		};
		945D884319B328AA003C11AD /* Release */ = {
			isa = XCBuildConfiguration;
			buildSettings = {
				ALWAYS_SEARCH_USER_PATHS = NO;
				CLANG_CXX_LANGUAGE_STANDARD = "gnu++0x";
				CLANG_CXX_LIBRARY = "libc++";
				CLANG_ENABLE_MODULES = YES;
				CLANG_ENABLE_OBJC_ARC = YES;
				CLANG_WARN_BOOL_CONVERSION = YES;
				CLANG_WARN_CONSTANT_CONVERSION = YES;
				CLANG_WARN_DIRECT_OBJC_ISA_USAGE = YES_ERROR;
				CLANG_WARN_EMPTY_BODY = YES;
				CLANG_WARN_ENUM_CONVERSION = YES;
				CLANG_WARN_INT_CONVERSION = YES;
				CLANG_WARN_OBJC_ROOT_CLASS = YES_ERROR;
				CLANG_WARN__DUPLICATE_METHOD_MATCH = YES;
				"CODE_SIGN_IDENTITY[sdk=iphoneos*]" = "iPhone Developer";
				COPY_PHASE_STRIP = YES;
				ENABLE_NS_ASSERTIONS = NO;
				GCC_C_LANGUAGE_STANDARD = gnu99;
				GCC_WARN_64_TO_32_BIT_CONVERSION = YES;
				GCC_WARN_ABOUT_RETURN_TYPE = YES_ERROR;
				GCC_WARN_UNDECLARED_SELECTOR = YES;
				GCC_WARN_UNINITIALIZED_AUTOS = YES_AGGRESSIVE;
				GCC_WARN_UNUSED_FUNCTION = YES;
				GCC_WARN_UNUSED_VARIABLE = YES;
				IPHONEOS_DEPLOYMENT_TARGET = 7.1;
				SDKROOT = iphoneos;
				VALIDATE_PRODUCT = YES;
			};
			name = Release;
		};
		945D884519B328AA003C11AD /* Debug */ = {
			isa = XCBuildConfiguration;
			buildSettings = {
				ASSETCATALOG_COMPILER_APPICON_NAME = AppIcon;
				ASSETCATALOG_COMPILER_LAUNCHIMAGE_NAME = LaunchImage;
				GCC_PRECOMPILE_PREFIX_HEADER = YES;
				GCC_PREFIX_HEADER = "Dup/Dup-Prefix.pch";
				INFOPLIST_FILE = "Dup/Dup-Info.plist";
				PRODUCT_NAME = "$(TARGET_NAME)";
				WRAPPER_EXTENSION = app;
			};
			name = Debug;
		};
		945D884619B328AA003C11AD /* Release */ = {
			isa = XCBuildConfiguration;
			buildSettings = {
				ASSETCATALOG_COMPILER_APPICON_NAME = AppIcon;
				ASSETCATALOG_COMPILER_LAUNCHIMAGE_NAME = LaunchImage;
				GCC_PRECOMPILE_PREFIX_HEADER = YES;
				GCC_PREFIX_HEADER = "Dup/Dup-Prefix.pch";
				INFOPLIST_FILE = "Dup/Dup-Info.plist";
				PRODUCT_NAME = "$(TARGET_NAME)";
				WRAPPER_EXTENSION = app;
			};
			name = Release;
		};
		945D884819B328AA003C11AD /* Debug */ = {
			isa = XCBuildConfiguration;
			buildSettings = {
				BUNDLE_LOADER = "$(BUILT_PRODUCTS_DIR)/Dup.app/Dup";
				FRAMEWORK_SEARCH_PATHS = (
					"$(SDKROOT)/Developer/Library/Frameworks",
					"$(inherited)",
					"$(DEVELOPER_FRAMEWORKS_DIR)",
				);
				GCC_PRECOMPILE_PREFIX_HEADER = YES;
				GCC_PREFIX_HEADER = "Dup/Dup-Prefix.pch";
				GCC_PREPROCESSOR_DEFINITIONS = (
					"DEBUG=1",
					"$(inherited)",
				);
				INFOPLIST_FILE = "DupTests/DupTests-Info.plist";
				PRODUCT_NAME = "$(TARGET_NAME)";
				TEST_HOST = "$(BUNDLE_LOADER)";
				WRAPPER_EXTENSION = xctest;
			};
			name = Debug;
		};
		945D884919B328AA003C11AD /* Release */ = {
			isa = XCBuildConfiguration;
			buildSettings = {
				BUNDLE_LOADER = "$(BUILT_PRODUCTS_DIR)/Dup.app/Dup";
				FRAMEWORK_SEARCH_PATHS = (
					"$(SDKROOT)/Developer/Library/Frameworks",
					"$(inherited)",
					"$(DEVELOPER_FRAMEWORKS_DIR)",
				);
				GCC_PRECOMPILE_PREFIX_HEADER = YES;
				GCC_PREFIX_HEADER = "Dup/Dup-Prefix.pch";
				INFOPLIST_FILE = "DupTests/DupTests-Info.plist";
				PRODUCT_NAME = "$(TARGET_NAME)";
				TEST_HOST = "$(BUNDLE_LOADER)";
				WRAPPER_EXTENSION = xctest;
			};
			name = Release;
		};
/* End XCBuildConfiguration section */

/* Begin XCConfigurationList section */
		945D881319B328A9003C11AD /* Build configuration list for PBXProject "Dup" */ = {
			isa = XCConfigurationList;
			buildConfigurations = (
				945D884219B328AA003C11AD /* Debug */,
				945D884319B328AA003C11AD /* Release */,
			);
			defaultConfigurationIsVisible = 0;
			defaultConfigurationName = Release;
		};
		945D884419B328AA003C11AD /* Build configuration list for PBXNativeTarget "Dup" */ = {
			isa = XCConfigurationList;
			buildConfigurations = (
				945D884519B328AA003C11AD /* Debug */,
				945D884619B328AA003C11AD /* Release */,
			);
			defaultConfigurationIsVisible = 0;
		};
		945D884719B328AA003C11AD /* Build configuration list for PBXNativeTarget "DupTests" */ = {
			isa = XCConfigurationList;
			buildConfigurations = (
				945D884819B328AA003C11AD /* Debug */,
				945D884919B328AA003C11AD /* Release */,
			);
			defaultConfigurationIsVisible = 0;
		};
/* End XCConfigurationList section */
	};
	rootObject = 945D881019B328A9003C11AD /* Project object */;
}
